
Microsoft Visual Studio Solution File, Format Version 12.00
# Visual Studio Version 17
VisualStudioVersion = 17.4.33103.184
MinimumVisualStudioVersion = 10.0.40219.1
Project("{FAE04EC0-301F-11D3-BF4B-00C04F79EFBC}") = "BestGamesCONSOLE", "BestGamesCONSOLE\BestGamesCONSOLE.csproj", "{FC45A360-B318-436E-BB00-2DE3612F1D66}"
EndProject
Project("{FAE04EC0-301F-11D3-BF4B-00C04F79EFBC}") = "BestGamesWFA", "BestGamesWFA\BestGamesWFA.csproj", "{AC0BE03A-6A46-46E8-9CCA-2AC2439C435C}"
EndProject
Global
	GlobalSection(SolutionConfigurationPlatforms) = preSolution
		Debug|Any CPU = Debug|Any CPU
		Release|Any CPU = Release|Any CPU
	EndGlobalSection
	GlobalSection(ProjectConfigurationPlatforms) = postSolution
		{FC45A360-B318-436E-BB00-2DE3612F1D66}.Debug|Any CPU.ActiveCfg = Debug|Any CPU
		{FC45A360-B318-436E-BB00-2DE3612F1D66}.Debug|Any CPU.Build.0 = Debug|Any CPU
		{FC45A360-B318-436E-BB00-2DE3612F1D66}.Release|Any CPU.ActiveCfg = Release|Any CPU
		{FC45A360-B318-436E-BB00-2DE3612F1D66}.Release|Any CPU.Build.0 = Release|Any CPU
		{AC0BE03A-6A46-46E8-9CCA-2AC2439C435C}.Debug|Any CPU.ActiveCfg = Debug|Any CPU
		{AC0BE03A-6A46-46E8-9CCA-2AC2439C435C}.Debug|Any CPU.Build.0 = Debug|Any CPU
		{AC0BE03A-6A46-46E8-9CCA-2AC2439C435C}.Release|Any CPU.ActiveCfg = Release|Any CPU
		{AC0BE03A-6A46-46E8-9CCA-2AC2439C435C}.Release|Any CPU.Build.0 = Release|Any CPU
	EndGlobalSection
	GlobalSection(SolutionProperties) = preSolution
		HideSolutionNode = FALSE
	EndGlobalSection
	GlobalSection(ExtensibilityGlobals) = postSolution
		SolutionGuid = {B906703F-41D6-4DB0-9B06-EED3CFAD42D4}
	EndGlobalSection
EndGlobal
